
Microsoft Visual Studio Solution File, Format Version 12.00
# Visual Studio Version 17
VisualStudioVersion = 17.14.36221.1 d17.14
MinimumVisualStudioVersion = 10.0.40219.1
Project("{54A90642-561A-4BB1-A94E-469ADEE60C69}") = "career_management.client", "career_management.client\career_management.client.esproj", "{B82896AF-3BAF-2174-1065-A862664C2FDC}"
EndProject
Project("{FAE04EC0-301F-11D3-BF4B-00C04F79EFBC}") = "Career_Management.Server", "Career_Management.Server\Career_Management.Server.csproj", "{93C2FD07-9E35-47C3-8242-0E01C88126DB}"
EndProject
Global
	GlobalSection(SolutionConfigurationPlatforms) = preSolution
		Debug|Any CPU = Debug|Any CPU
		Release|Any CPU = Release|Any CPU
	EndGlobalSection
	GlobalSection(ProjectConfigurationPlatforms) = postSolution
		{B82896AF-3BAF-2174-1065-A862664C2FDC}.Debug|Any CPU.ActiveCfg = Debug|Any CPU
		{B82896AF-3BAF-2174-1065-A862664C2FDC}.Debug|Any CPU.Build.0 = Debug|Any CPU
		{B82896AF-3BAF-2174-1065-A862664C2FDC}.Debug|Any CPU.Deploy.0 = Debug|Any CPU
		{B82896AF-3BAF-2174-1065-A862664C2FDC}.Release|Any CPU.ActiveCfg = Release|Any CPU
		{B82896AF-3BAF-2174-1065-A862664C2FDC}.Release|Any CPU.Build.0 = Release|Any CPU
		{B82896AF-3BAF-2174-1065-A862664C2FDC}.Release|Any CPU.Deploy.0 = Release|Any CPU
		{93C2FD07-9E35-47C3-8242-0E01C88126DB}.Debug|Any CPU.ActiveCfg = Debug|Any CPU
		{93C2FD07-9E35-47C3-8242-0E01C88126DB}.Debug|Any CPU.Build.0 = Debug|Any CPU
		{93C2FD07-9E35-47C3-8242-0E01C88126DB}.Release|Any CPU.ActiveCfg = Release|Any CPU
		{93C2FD07-9E35-47C3-8242-0E01C88126DB}.Release|Any CPU.Build.0 = Release|Any CPU
	EndGlobalSection
	GlobalSection(SolutionProperties) = preSolution
		HideSolutionNode = FALSE
	EndGlobalSection
	GlobalSection(ExtensibilityGlobals) = postSolution
		SolutionGuid = {E81E41FA-3213-4A3C-A8C9-7E21632CE85C}
	EndGlobalSection
EndGlobal
